
Microsoft Visual Studio Solution File, Format Version 12.00
# Visual Studio 15
VisualStudioVersion = 15.0.26124.0
MinimumVisualStudioVersion = 15.0.26124.0
Project("{2150E333-8FDC-42A3-9474-1A3956D46DE8}") = "Code", "Code", "{3426862B-EB24-4DB5-A28B-B6A8B69F5442}"
EndProject
Project("{FAE04EC0-301F-11D3-BF4B-00C04F79EFBC}") = "dotnetMySQL.Api", "Code\dotnetMySQL.Api\dotnetMySQL.Api.csproj", "{2D12CBC5-54C1-4932-9C00-D76FD35FFE8B}"
EndProject
Project("{FAE04EC0-301F-11D3-BF4B-00C04F79EFBC}") = "dotnetMySQL.Business", "Code\dotnetMySQL.Business\dotnetMySQL.Business.csproj", "{3F96FB47-DDAD-49C4-B3A9-07BD4D17383B}"
EndProject
Project("{FAE04EC0-301F-11D3-BF4B-00C04F79EFBC}") = "dotnetMySQL.Data", "Code\dotnetMySQL.Data\dotnetMySQL.Data.csproj", "{51D7E252-127D-487B-B669-5C0E192A2F6B}"
EndProject
Project("{FAE04EC0-301F-11D3-BF4B-00C04F79EFBC}") = "dotnetMySQL.Entities", "Code\dotnetMySQL.Entities\dotnetMySQL.Entities.csproj", "{81D18A8B-BD11-48E8-B1C3-E8696F381E3E}"
EndProject
Project("{FAE04EC0-301F-11D3-BF4B-00C04F79EFBC}") = "dotnetMySQL.Test.Api", "Code\dotnetMySQL.Test.Api\dotnetMySQL.Test.Api.csproj", "{E084E833-36C4-45F1-A5E9-542708C5D355}"
EndProject
Project("{FAE04EC0-301F-11D3-BF4B-00C04F79EFBC}") = "dotnetMySQL.Test.Business", "Code\dotnetMySQL.Test.Business\dotnetMySQL.Test.Business.csproj", "{3CD1E161-7E54-449B-A9E3-D8CD3D35EC10}"
EndProject
Project("{FAE04EC0-301F-11D3-BF4B-00C04F79EFBC}") = "dotnetMySQL.Test.Framework", "Code\dotnetMySQL.Test.Framework\dotnetMySQL.Test.Framework.csproj", "{192447FB-8E77-4AD5-BE4F-403B3E93CDF0}"
EndProject
Project("{2150E333-8FDC-42A3-9474-1A3956D46DE8}") = "Test", "Test", "{8AF4C144-6194-41C1-B040-42A5349D99DA}"
EndProject
Global
	GlobalSection(SolutionConfigurationPlatforms) = preSolution
		Debug|Any CPU = Debug|Any CPU
		Debug|x64 = Debug|x64
		Debug|x86 = Debug|x86
		Release|Any CPU = Release|Any CPU
		Release|x64 = Release|x64
		Release|x86 = Release|x86
	EndGlobalSection
	GlobalSection(SolutionProperties) = preSolution
		HideSolutionNode = FALSE
	EndGlobalSection
	GlobalSection(ProjectConfigurationPlatforms) = postSolution
		{2D12CBC5-54C1-4932-9C00-D76FD35FFE8B}.Debug|Any CPU.ActiveCfg = Debug|Any CPU
		{2D12CBC5-54C1-4932-9C00-D76FD35FFE8B}.Debug|Any CPU.Build.0 = Debug|Any CPU
		{2D12CBC5-54C1-4932-9C00-D76FD35FFE8B}.Debug|x64.ActiveCfg = Debug|Any CPU
		{2D12CBC5-54C1-4932-9C00-D76FD35FFE8B}.Debug|x64.Build.0 = Debug|Any CPU
		{2D12CBC5-54C1-4932-9C00-D76FD35FFE8B}.Debug|x86.ActiveCfg = Debug|Any CPU
		{2D12CBC5-54C1-4932-9C00-D76FD35FFE8B}.Debug|x86.Build.0 = Debug|Any CPU
		{2D12CBC5-54C1-4932-9C00-D76FD35FFE8B}.Release|Any CPU.ActiveCfg = Release|Any CPU
		{2D12CBC5-54C1-4932-9C00-D76FD35FFE8B}.Release|Any CPU.Build.0 = Release|Any CPU
		{2D12CBC5-54C1-4932-9C00-D76FD35FFE8B}.Release|x64.ActiveCfg = Release|Any CPU
		{2D12CBC5-54C1-4932-9C00-D76FD35FFE8B}.Release|x64.Build.0 = Release|Any CPU
		{2D12CBC5-54C1-4932-9C00-D76FD35FFE8B}.Release|x86.ActiveCfg = Release|Any CPU
		{2D12CBC5-54C1-4932-9C00-D76FD35FFE8B}.Release|x86.Build.0 = Release|Any CPU
		{3F96FB47-DDAD-49C4-B3A9-07BD4D17383B}.Debug|Any CPU.ActiveCfg = Debug|Any CPU
		{3F96FB47-DDAD-49C4-B3A9-07BD4D17383B}.Debug|Any CPU.Build.0 = Debug|Any CPU
		{3F96FB47-DDAD-49C4-B3A9-07BD4D17383B}.Debug|x64.ActiveCfg = Debug|Any CPU
		{3F96FB47-DDAD-49C4-B3A9-07BD4D17383B}.Debug|x64.Build.0 = Debug|Any CPU
		{3F96FB47-DDAD-49C4-B3A9-07BD4D17383B}.Debug|x86.ActiveCfg = Debug|Any CPU
		{3F96FB47-DDAD-49C4-B3A9-07BD4D17383B}.Debug|x86.Build.0 = Debug|Any CPU
		{3F96FB47-DDAD-49C4-B3A9-07BD4D17383B}.Release|Any CPU.ActiveCfg = Release|Any CPU
		{3F96FB47-DDAD-49C4-B3A9-07BD4D17383B}.Release|Any CPU.Build.0 = Release|Any CPU
		{3F96FB47-DDAD-49C4-B3A9-07BD4D17383B}.Release|x64.ActiveCfg = Release|Any CPU
		{3F96FB47-DDAD-49C4-B3A9-07BD4D17383B}.Release|x64.Build.0 = Release|Any CPU
		{3F96FB47-DDAD-49C4-B3A9-07BD4D17383B}.Release|x86.ActiveCfg = Release|Any CPU
		{3F96FB47-DDAD-49C4-B3A9-07BD4D17383B}.Release|x86.Build.0 = Release|Any CPU
		{51D7E252-127D-487B-B669-5C0E192A2F6B}.Debug|Any CPU.ActiveCfg = Debug|Any CPU
		{51D7E252-127D-487B-B669-5C0E192A2F6B}.Debug|Any CPU.Build.0 = Debug|Any CPU
		{51D7E252-127D-487B-B669-5C0E192A2F6B}.Debug|x64.ActiveCfg = Debug|Any CPU
		{51D7E252-127D-487B-B669-5C0E192A2F6B}.Debug|x64.Build.0 = Debug|Any CPU
		{51D7E252-127D-487B-B669-5C0E192A2F6B}.Debug|x86.ActiveCfg = Debug|Any CPU
		{51D7E252-127D-487B-B669-5C0E192A2F6B}.Debug|x86.Build.0 = Debug|Any CPU
		{51D7E252-127D-487B-B669-5C0E192A2F6B}.Release|Any CPU.ActiveCfg = Release|Any CPU
		{51D7E252-127D-487B-B669-5C0E192A2F6B}.Release|Any CPU.Build.0 = Release|Any CPU
		{51D7E252-127D-487B-B669-5C0E192A2F6B}.Release|x64.ActiveCfg = Release|Any CPU
		{51D7E252-127D-487B-B669-5C0E192A2F6B}.Release|x64.Build.0 = Release|Any CPU
		{51D7E252-127D-487B-B669-5C0E192A2F6B}.Release|x86.ActiveCfg = Release|Any CPU
		{51D7E252-127D-487B-B669-5C0E192A2F6B}.Release|x86.Build.0 = Release|Any CPU
		{81D18A8B-BD11-48E8-B1C3-E8696F381E3E}.Debug|Any CPU.ActiveCfg = Debug|Any CPU
		{81D18A8B-BD11-48E8-B1C3-E8696F381E3E}.Debug|Any CPU.Build.0 = Debug|Any CPU
		{81D18A8B-BD11-48E8-B1C3-E8696F381E3E}.Debug|x64.ActiveCfg = Debug|Any CPU
		{81D18A8B-BD11-48E8-B1C3-E8696F381E3E}.Debug|x64.Build.0 = Debug|Any CPU
		{81D18A8B-BD11-48E8-B1C3-E8696F381E3E}.Debug|x86.ActiveCfg = Debug|Any CPU
		{81D18A8B-BD11-48E8-B1C3-E8696F381E3E}.Debug|x86.Build.0 = Debug|Any CPU
		{81D18A8B-BD11-48E8-B1C3-E8696F381E3E}.Release|Any CPU.ActiveCfg = Release|Any CPU
		{81D18A8B-BD11-48E8-B1C3-E8696F381E3E}.Release|Any CPU.Build.0 = Release|Any CPU
		{81D18A8B-BD11-48E8-B1C3-E8696F381E3E}.Release|x64.ActiveCfg = Release|Any CPU
		{81D18A8B-BD11-48E8-B1C3-E8696F381E3E}.Release|x64.Build.0 = Release|Any CPU
		{81D18A8B-BD11-48E8-B1C3-E8696F381E3E}.Release|x86.ActiveCfg = Release|Any CPU
		{81D18A8B-BD11-48E8-B1C3-E8696F381E3E}.Release|x86.Build.0 = Release|Any CPU
		{E084E833-36C4-45F1-A5E9-542708C5D355}.Debug|Any CPU.ActiveCfg = Debug|Any CPU
		{E084E833-36C4-45F1-A5E9-542708C5D355}.Debug|Any CPU.Build.0 = Debug|Any CPU
		{E084E833-36C4-45F1-A5E9-542708C5D355}.Debug|x64.ActiveCfg = Debug|Any CPU
		{E084E833-36C4-45F1-A5E9-542708C5D355}.Debug|x64.Build.0 = Debug|Any CPU
		{E084E833-36C4-45F1-A5E9-542708C5D355}.Debug|x86.ActiveCfg = Debug|Any CPU
		{E084E833-36C4-45F1-A5E9-542708C5D355}.Debug|x86.Build.0 = Debug|Any CPU
		{E084E833-36C4-45F1-A5E9-542708C5D355}.Release|Any CPU.ActiveCfg = Release|Any CPU
		{E084E833-36C4-45F1-A5E9-542708C5D355}.Release|Any CPU.Build.0 = Release|Any CPU
		{E084E833-36C4-45F1-A5E9-542708C5D355}.Release|x64.ActiveCfg = Release|Any CPU
		{E084E833-36C4-45F1-A5E9-542708C5D355}.Release|x64.Build.0 = Release|Any CPU
		{E084E833-36C4-45F1-A5E9-542708C5D355}.Release|x86.ActiveCfg = Release|Any CPU
		{E084E833-36C4-45F1-A5E9-542708C5D355}.Release|x86.Build.0 = Release|Any CPU
		{3CD1E161-7E54-449B-A9E3-D8CD3D35EC10}.Debug|Any CPU.ActiveCfg = Debug|Any CPU
		{3CD1E161-7E54-449B-A9E3-D8CD3D35EC10}.Debug|Any CPU.Build.0 = Debug|Any CPU
		{3CD1E161-7E54-449B-A9E3-D8CD3D35EC10}.Debug|x64.ActiveCfg = Debug|Any CPU
		{3CD1E161-7E54-449B-A9E3-D8CD3D35EC10}.Debug|x64.Build.0 = Debug|Any CPU
		{3CD1E161-7E54-449B-A9E3-D8CD3D35EC10}.Debug|x86.ActiveCfg = Debug|Any CPU
		{3CD1E161-7E54-449B-A9E3-D8CD3D35EC10}.Debug|x86.Build.0 = Debug|Any CPU
		{3CD1E161-7E54-449B-A9E3-D8CD3D35EC10}.Release|Any CPU.ActiveCfg = Release|Any CPU
		{3CD1E161-7E54-449B-A9E3-D8CD3D35EC10}.Release|Any CPU.Build.0 = Release|Any CPU
		{3CD1E161-7E54-449B-A9E3-D8CD3D35EC10}.Release|x64.ActiveCfg = Release|Any CPU
		{3CD1E161-7E54-449B-A9E3-D8CD3D35EC10}.Release|x64.Build.0 = Release|Any CPU
		{3CD1E161-7E54-449B-A9E3-D8CD3D35EC10}.Release|x86.ActiveCfg = Release|Any CPU
		{3CD1E161-7E54-449B-A9E3-D8CD3D35EC10}.Release|x86.Build.0 = Release|Any CPU
		{192447FB-8E77-4AD5-BE4F-403B3E93CDF0}.Debug|Any CPU.ActiveCfg = Debug|Any CPU
		{192447FB-8E77-4AD5-BE4F-403B3E93CDF0}.Debug|Any CPU.Build.0 = Debug|Any CPU
		{192447FB-8E77-4AD5-BE4F-403B3E93CDF0}.Debug|x64.ActiveCfg = Debug|Any CPU
		{192447FB-8E77-4AD5-BE4F-403B3E93CDF0}.Debug|x64.Build.0 = Debug|Any CPU
		{192447FB-8E77-4AD5-BE4F-403B3E93CDF0}.Debug|x86.ActiveCfg = Debug|Any CPU
		{192447FB-8E77-4AD5-BE4F-403B3E93CDF0}.Debug|x86.Build.0 = Debug|Any CPU
		{192447FB-8E77-4AD5-BE4F-403B3E93CDF0}.Release|Any CPU.ActiveCfg = Release|Any CPU
		{192447FB-8E77-4AD5-BE4F-403B3E93CDF0}.Release|Any CPU.Build.0 = Release|Any CPU
		{192447FB-8E77-4AD5-BE4F-403B3E93CDF0}.Release|x64.ActiveCfg = Release|Any CPU
		{192447FB-8E77-4AD5-BE4F-403B3E93CDF0}.Release|x64.Build.0 = Release|Any CPU
		{192447FB-8E77-4AD5-BE4F-403B3E93CDF0}.Release|x86.ActiveCfg = Release|Any CPU
		{192447FB-8E77-4AD5-BE4F-403B3E93CDF0}.Release|x86.Build.0 = Release|Any CPU
	EndGlobalSection
	GlobalSection(NestedProjects) = preSolution
		{2D12CBC5-54C1-4932-9C00-D76FD35FFE8B} = {3426862B-EB24-4DB5-A28B-B6A8B69F5442}
		{3F96FB47-DDAD-49C4-B3A9-07BD4D17383B} = {3426862B-EB24-4DB5-A28B-B6A8B69F5442}
		{51D7E252-127D-487B-B669-5C0E192A2F6B} = {3426862B-EB24-4DB5-A28B-B6A8B69F5442}
		{81D18A8B-BD11-48E8-B1C3-E8696F381E3E} = {3426862B-EB24-4DB5-A28B-B6A8B69F5442}
		{E084E833-36C4-45F1-A5E9-542708C5D355} = {8AF4C144-6194-41C1-B040-42A5349D99DA}
		{3CD1E161-7E54-449B-A9E3-D8CD3D35EC10} = {8AF4C144-6194-41C1-B040-42A5349D99DA}
		{192447FB-8E77-4AD5-BE4F-403B3E93CDF0} = {8AF4C144-6194-41C1-B040-42A5349D99DA}
	EndGlobalSection
EndGlobal
